
Microsoft Visual Studio Solution File, Format Version 12.00
# Visual Studio Version 16
VisualStudioVersion = 16.0.31702.278
MinimumVisualStudioVersion = 10.0.40219.1
Project("{FAE04EC0-301F-11D3-BF4B-00C04F79EFBC}") = "LINQ II", "LINQ II\LINQ II.csproj", "{61EDEA4B-4437-4431-9111-D2349EF1DE21}"
EndProject
Global
	GlobalSection(SolutionConfigurationPlatforms) = preSolution
		Debug|Any CPU = Debug|Any CPU
		Release|Any CPU = Release|Any CPU
	EndGlobalSection
	GlobalSection(ProjectConfigurationPlatforms) = postSolution
		{61EDEA4B-4437-4431-9111-D2349EF1DE21}.Debug|Any CPU.ActiveCfg = Debug|Any CPU
		{61EDEA4B-4437-4431-9111-D2349EF1DE21}.Debug|Any CPU.Build.0 = Debug|Any CPU
		{61EDEA4B-4437-4431-9111-D2349EF1DE21}.Release|Any CPU.ActiveCfg = Release|Any CPU
		{61EDEA4B-4437-4431-9111-D2349EF1DE21}.Release|Any CPU.Build.0 = Release|Any CPU
	EndGlobalSection
	GlobalSection(SolutionProperties) = preSolution
		HideSolutionNode = FALSE
	EndGlobalSection
	GlobalSection(ExtensibilityGlobals) = postSolution
		SolutionGuid = {C6935062-1BB4-4D60-9689-7A5641D37305}
	EndGlobalSection
EndGlobal
